
Microsoft Visual Studio Solution File, Format Version 12.00
# Visual Studio Version 16
VisualStudioVersion = 16.0.32002.261
MinimumVisualStudioVersion = 10.0.40219.1
Project("{9A19103F-16F7-4668-BE54-9A1E7A4F7556}") = "WebApplication1_A", "WebApplication1\WebApplication1_A.csproj", "{FC5DC2BB-D173-48CE-B079-13860D80848D}"
EndProject
Global
	GlobalSection(SolutionConfigurationPlatforms) = preSolution
		Debug|Any CPU = Debug|Any CPU
		Release|Any CPU = Release|Any CPU
	EndGlobalSection
	GlobalSection(ProjectConfigurationPlatforms) = postSolution
		{FC5DC2BB-D173-48CE-B079-13860D80848D}.Debug|Any CPU.ActiveCfg = Debug|Any CPU
		{FC5DC2BB-D173-48CE-B079-13860D80848D}.Debug|Any CPU.Build.0 = Debug|Any CPU
		{FC5DC2BB-D173-48CE-B079-13860D80848D}.Release|Any CPU.ActiveCfg = Release|Any CPU
		{FC5DC2BB-D173-48CE-B079-13860D80848D}.Release|Any CPU.Build.0 = Release|Any CPU
	EndGlobalSection
	GlobalSection(SolutionProperties) = preSolution
		HideSolutionNode = FALSE
	EndGlobalSection
	GlobalSection(ExtensibilityGlobals) = postSolution
		SolutionGuid = {C77E63F7-A3BF-4E98-88BB-FB22ED14B9B1}
	EndGlobalSection
EndGlobal
